// !$*UTF8*$!
{
	archiveVersion = 1;
	classes = {
	};
	objectVersion = 50;
	objects = {

/* Begin PBXBuildFile section */
		AC21972FCB978738C92495D4 /* Pods_ARHunter.framework in Frameworks */ = {isa = PBXBuildFile; fileRef = D42CC69CC42F3F1C8213EB13 /* Pods_ARHunter.framework */; };
		F6B0E3F92165022800B70093 /* Keys.swift in Sources */ = {isa = PBXBuildFile; fileRef = F6B0E3F82165022800B70093 /* Keys.swift */; };
		F6F82F56216207C400A9CF92 /* AppDelegate.swift in Sources */ = {isa = PBXBuildFile; fileRef = F6F82F55216207C400A9CF92 /* AppDelegate.swift */; };
		F6F82F5B216207C400A9CF92 /* Main.storyboard in Resources */ = {isa = PBXBuildFile; fileRef = F6F82F59216207C400A9CF92 /* Main.storyboard */; };
		F6F82F5D216207C500A9CF92 /* Assets.xcassets in Resources */ = {isa = PBXBuildFile; fileRef = F6F82F5C216207C500A9CF92 /* Assets.xcassets */; };
		F6F82F60216207C500A9CF92 /* LaunchScreen.storyboard in Resources */ = {isa = PBXBuildFile; fileRef = F6F82F5E216207C500A9CF92 /* LaunchScreen.storyboard */; };
		F6F82F69216208B600A9CF92 /* MapViewController.swift in Sources */ = {isa = PBXBuildFile; fileRef = F6F82F68216208B600A9CF92 /* MapViewController.swift */; };
		F6F82F74216209A500A9CF92 /* MapKitUtils.swift in Sources */ = {isa = PBXBuildFile; fileRef = F6F82F73216209A500A9CF92 /* MapKitUtils.swift */; };
		F6F82F7A21620CCA00A9CF92 /* ARViewController.swift in Sources */ = {isa = PBXBuildFile; fileRef = F6F82F7921620CCA00A9CF92 /* ARViewController.swift */; };
		F6F82F7C21620E5700A9CF92 /* MapPresenter.swift in Sources */ = {isa = PBXBuildFile; fileRef = F6F82F7B21620E5700A9CF92 /* MapPresenter.swift */; };
		F6F82F7E21620E6400A9CF92 /* ARPresenter.swift in Sources */ = {isa = PBXBuildFile; fileRef = F6F82F7D21620E6400A9CF92 /* ARPresenter.swift */; };
/* End PBXBuildFile section */

/* Begin PBXFileReference section */
		37A0F80E2AE2C456D37AB34B /* Pods-ARHunter.release.xcconfig */ = {isa = PBXFileReference; includeInIndex = 1; lastKnownFileType = text.xcconfig; name = "Pods-ARHunter.release.xcconfig"; path = "Pods/Target Support Files/Pods-ARHunter/Pods-ARHunter.release.xcconfig"; sourceTree = "<group>"; };
		6240ECA82C0CCC0315A80BBB /* Pods-ARHunter.debug.xcconfig */ = {isa = PBXFileReference; includeInIndex = 1; lastKnownFileType = text.xcconfig; name = "Pods-ARHunter.debug.xcconfig"; path = "Pods/Target Support Files/Pods-ARHunter/Pods-ARHunter.debug.xcconfig"; sourceTree = "<group>"; };
		D42CC69CC42F3F1C8213EB13 /* Pods_ARHunter.framework */ = {isa = PBXFileReference; explicitFileType = wrapper.framework; includeInIndex = 0; path = Pods_ARHunter.framework; sourceTree = BUILT_PRODUCTS_DIR; };
		F6B0E3F82165022800B70093 /* Keys.swift */ = {isa = PBXFileReference; lastKnownFileType = sourcecode.swift; path = Keys.swift; sourceTree = "<group>"; };
		F6F82F52216207C400A9CF92 /* ARHunter.app */ = {isa = PBXFileReference; explicitFileType = wrapper.application; includeInIndex = 0; path = ARHunter.app; sourceTree = BUILT_PRODUCTS_DIR; };
		F6F82F55216207C400A9CF92 /* AppDelegate.swift */ = {isa = PBXFileReference; lastKnownFileType = sourcecode.swift; path = AppDelegate.swift; sourceTree = "<group>"; };
		F6F82F5A216207C400A9CF92 /* Base */ = {isa = PBXFileReference; lastKnownFileType = file.storyboard; name = Base; path = Base.lproj/Main.storyboard; sourceTree = "<group>"; };
		F6F82F5C216207C500A9CF92 /* Assets.xcassets */ = {isa = PBXFileReference; lastKnownFileType = folder.assetcatalog; path = Assets.xcassets; sourceTree = "<group>"; };
		F6F82F5F216207C500A9CF92 /* Base */ = {isa = PBXFileReference; lastKnownFileType = file.storyboard; name = Base; path = Base.lproj/LaunchScreen.storyboard; sourceTree = "<group>"; };
		F6F82F61216207C500A9CF92 /* Info.plist */ = {isa = PBXFileReference; lastKnownFileType = text.plist.xml; path = Info.plist; sourceTree = "<group>"; };
		F6F82F68216208B600A9CF92 /* MapViewController.swift */ = {isa = PBXFileReference; lastKnownFileType = sourcecode.swift; path = MapViewController.swift; sourceTree = "<group>"; };
		F6F82F73216209A500A9CF92 /* MapKitUtils.swift */ = {isa = PBXFileReference; fileEncoding = 4; lastKnownFileType = sourcecode.swift; path = MapKitUtils.swift; sourceTree = "<group>"; };
		F6F82F7921620CCA00A9CF92 /* ARViewController.swift */ = {isa = PBXFileReference; lastKnownFileType = sourcecode.swift; path = ARViewController.swift; sourceTree = "<group>"; };
		F6F82F7B21620E5700A9CF92 /* MapPresenter.swift */ = {isa = PBXFileReference; lastKnownFileType = sourcecode.swift; path = MapPresenter.swift; sourceTree = "<group>"; };
		F6F82F7D21620E6400A9CF92 /* ARPresenter.swift */ = {isa = PBXFileReference; lastKnownFileType = sourcecode.swift; path = ARPresenter.swift; sourceTree = "<group>"; };
/* End PBXFileReference section */

/* Begin PBXFrameworksBuildPhase section */
		F6F82F4F216207C400A9CF92 /* Frameworks */ = {
			isa = PBXFrameworksBuildPhase;
			buildActionMask = 2147483647;
			files = (
				AC21972FCB978738C92495D4 /* Pods_ARHunter.framework in Frameworks */,
			);
			runOnlyForDeploymentPostprocessing = 0;
		};
/* End PBXFrameworksBuildPhase section */

/* Begin PBXGroup section */
		B20D31AEF47E391822E58FB8 /* Pods */ = {
			isa = PBXGroup;
			children = (
				6240ECA82C0CCC0315A80BBB /* Pods-ARHunter.debug.xcconfig */,
				37A0F80E2AE2C456D37AB34B /* Pods-ARHunter.release.xcconfig */,
			);
			name = Pods;
			sourceTree = "<group>";
		};
		DBE8204A25DA4B19A73BFF04 /* Frameworks */ = {
			isa = PBXGroup;
			children = (
				D42CC69CC42F3F1C8213EB13 /* Pods_ARHunter.framework */,
			);
			name = Frameworks;
			sourceTree = "<group>";
		};
		F6F82F49216207C400A9CF92 = {
			isa = PBXGroup;
			children = (
				F6F82F54216207C400A9CF92 /* ARHunter */,
				F6F82F53216207C400A9CF92 /* Products */,
				B20D31AEF47E391822E58FB8 /* Pods */,
				DBE8204A25DA4B19A73BFF04 /* Frameworks */,
			);
			sourceTree = "<group>";
		};
		F6F82F53216207C400A9CF92 /* Products */ = {
			isa = PBXGroup;
			children = (
				F6F82F52216207C400A9CF92 /* ARHunter.app */,
			);
			name = Products;
			sourceTree = "<group>";
		};
		F6F82F54216207C400A9CF92 /* ARHunter */ = {
			isa = PBXGroup;
			children = (
				F6F82F55216207C400A9CF92 /* AppDelegate.swift */,
				F6F82F5C216207C500A9CF92 /* Assets.xcassets */,
				F6F82F672162080400A9CF92 /* MapView */,
				F6F82F75216209B400A9CF92 /* ARView */,
				F6F82F712162098200A9CF92 /* Helper */,
				F6F82F59216207C400A9CF92 /* Main.storyboard */,
				F6F82F5E216207C500A9CF92 /* LaunchScreen.storyboard */,
				F6F82F61216207C500A9CF92 /* Info.plist */,
			);
			path = ARHunter;
			sourceTree = "<group>";
		};
		F6F82F672162080400A9CF92 /* MapView */ = {
			isa = PBXGroup;
			children = (
				F6F82F6C2162095200A9CF92 /* Presenter */,
				F6F82F6B2162094D00A9CF92 /* Model */,
				F6F82F6A2162094600A9CF92 /* View */,
			);
			path = MapView;
			sourceTree = "<group>";
		};
		F6F82F6A2162094600A9CF92 /* View */ = {
			isa = PBXGroup;
			children = (
				F6F82F68216208B600A9CF92 /* MapViewController.swift */,
			);
			path = View;
			sourceTree = "<group>";
		};
		F6F82F6B2162094D00A9CF92 /* Model */ = {
			isa = PBXGroup;
			children = (
			);
			path = Model;
			sourceTree = "<group>";
		};
		F6F82F6C2162095200A9CF92 /* Presenter */ = {
			isa = PBXGroup;
			children = (
				F6F82F7B21620E5700A9CF92 /* MapPresenter.swift */,
			);
			path = Presenter;
			sourceTree = "<group>";
		};
		F6F82F712162098200A9CF92 /* Helper */ = {
			isa = PBXGroup;
			children = (
				F6F82F722162098C00A9CF92 /* Utils */,
			);
			path = Helper;
			sourceTree = "<group>";
		};
		F6F82F722162098C00A9CF92 /* Utils */ = {
			isa = PBXGroup;
			children = (
				F6F82F73216209A500A9CF92 /* MapKitUtils.swift */,
				F6B0E3F82165022800B70093 /* Keys.swift */,
			);
			path = Utils;
			sourceTree = "<group>";
		};
		F6F82F75216209B400A9CF92 /* ARView */ = {
			isa = PBXGroup;
			children = (
				F6F82F7621620CBC00A9CF92 /* Model */,
				F6F82F7721620CBC00A9CF92 /* Presenter */,
				F6F82F7821620CBC00A9CF92 /* View */,
			);
			path = ARView;
			sourceTree = "<group>";
		};
		F6F82F7621620CBC00A9CF92 /* Model */ = {
			isa = PBXGroup;
			children = (
			);
			path = Model;
			sourceTree = "<group>";
		};
		F6F82F7721620CBC00A9CF92 /* Presenter */ = {
			isa = PBXGroup;
			children = (
				F6F82F7D21620E6400A9CF92 /* ARPresenter.swift */,
			);
			path = Presenter;
			sourceTree = "<group>";
		};
		F6F82F7821620CBC00A9CF92 /* View */ = {
			isa = PBXGroup;
			children = (
				F6F82F7921620CCA00A9CF92 /* ARViewController.swift */,
			);
			path = View;
			sourceTree = "<group>";
		};
/* End PBXGroup section */

/* Begin PBXNativeTarget section */
		F6F82F51216207C400A9CF92 /* ARHunter */ = {
			isa = PBXNativeTarget;
			buildConfigurationList = F6F82F64216207C500A9CF92 /* Build configuration list for PBXNativeTarget "ARHunter" */;
			buildPhases = (
				E9A7AE79D292864124213E4F /* [CP] Check Pods Manifest.lock */,
				F6F82F4E216207C400A9CF92 /* Sources */,
				F6F82F4F216207C400A9CF92 /* Frameworks */,
				F6F82F50216207C400A9CF92 /* Resources */,
				6BD0BCCC2E48E8F88C73169F /* [CP] Copy Pods Resources */,
				BDA0B3ACBA47E81E3C62AF20 /* [CP] Embed Pods Frameworks */,
			);
			buildRules = (
			);
			dependencies = (
			);
			name = ARHunter;
			productName = ARHunter;
			productReference = F6F82F52216207C400A9CF92 /* ARHunter.app */;
			productType = "com.apple.product-type.application";
		};
/* End PBXNativeTarget section */

/* Begin PBXProject section */
		F6F82F4A216207C400A9CF92 /* Project object */ = {
			isa = PBXProject;
			attributes = {
				LastSwiftUpdateCheck = 1000;
				LastUpgradeCheck = 1000;
				ORGANIZATIONNAME = "Nam Vu";
				TargetAttributes = {
					F6F82F51216207C400A9CF92 = {
						CreatedOnToolsVersion = 10.0;
					};
				};
			};
			buildConfigurationList = F6F82F4D216207C400A9CF92 /* Build configuration list for PBXProject "ARHunter" */;
			compatibilityVersion = "Xcode 9.3";
			developmentRegion = en;
			hasScannedForEncodings = 0;
			knownRegions = (
				en,
				Base,
			);
			mainGroup = F6F82F49216207C400A9CF92;
			productRefGroup = F6F82F53216207C400A9CF92 /* Products */;
			projectDirPath = "";
			projectRoot = "";
			targets = (
				F6F82F51216207C400A9CF92 /* ARHunter */,
			);
		};
/* End PBXProject section */

/* Begin PBXResourcesBuildPhase section */
		F6F82F50216207C400A9CF92 /* Resources */ = {
			isa = PBXResourcesBuildPhase;
			buildActionMask = 2147483647;
			files = (
				F6F82F60216207C500A9CF92 /* LaunchScreen.storyboard in Resources */,
				F6F82F5D216207C500A9CF92 /* Assets.xcassets in Resources */,
				F6F82F5B216207C400A9CF92 /* Main.storyboard in Resources */,
			);
			runOnlyForDeploymentPostprocessing = 0;
		};
/* End PBXResourcesBuildPhase section */

/* Begin PBXShellScriptBuildPhase section */
		6BD0BCCC2E48E8F88C73169F /* [CP] Copy Pods Resources */ = {
			isa = PBXShellScriptBuildPhase;
			buildActionMask = 2147483647;
			files = (
			);
			inputPaths = (
				"${SRCROOT}/Pods/Target Support Files/Pods-ARHunter/Pods-ARHunter-resources.sh",
				"${PODS_ROOT}/GoogleMaps/Maps/Frameworks/GoogleMaps.framework/Resources/GoogleMaps.bundle",
				"${PODS_ROOT}/GooglePlaces/Frameworks/GooglePlaces.framework/Resources/GooglePlaces.bundle",
			);
			name = "[CP] Copy Pods Resources";
			outputPaths = (
				"${TARGET_BUILD_DIR}/${UNLOCALIZED_RESOURCES_FOLDER_PATH}/GoogleMaps.bundle",
				"${TARGET_BUILD_DIR}/${UNLOCALIZED_RESOURCES_FOLDER_PATH}/GooglePlaces.bundle",
			);
			runOnlyForDeploymentPostprocessing = 0;
			shellPath = /bin/sh;
			shellScript = "\"${SRCROOT}/Pods/Target Support Files/Pods-ARHunter/Pods-ARHunter-resources.sh\"\n";
			showEnvVarsInLog = 0;
		};
		BDA0B3ACBA47E81E3C62AF20 /* [CP] Embed Pods Frameworks */ = {
			isa = PBXShellScriptBuildPhase;
			buildActionMask = 2147483647;
			files = (
			);
			inputPaths = (
				"${SRCROOT}/Pods/Target Support Files/Pods-ARHunter/Pods-ARHunter-frameworks.sh",
				"${BUILT_PRODUCTS_DIR}/ARCL/ARCL.framework",
			);
			name = "[CP] Embed Pods Frameworks";
			outputPaths = (
				"${TARGET_BUILD_DIR}/${FRAMEWORKS_FOLDER_PATH}/ARCL.framework",
			);
			runOnlyForDeploymentPostprocessing = 0;
			shellPath = /bin/sh;
			shellScript = "\"${SRCROOT}/Pods/Target Support Files/Pods-ARHunter/Pods-ARHunter-frameworks.sh\"\n";
			showEnvVarsInLog = 0;
		};
		E9A7AE79D292864124213E4F /* [CP] Check Pods Manifest.lock */ = {
			isa = PBXShellScriptBuildPhase;
			buildActionMask = 2147483647;
			files = (
			);
			inputPaths = (
				"${PODS_PODFILE_DIR_PATH}/Podfile.lock",
				"${PODS_ROOT}/Manifest.lock",
			);
			name = "[CP] Check Pods Manifest.lock";
			outputPaths = (
				"$(DERIVED_FILE_DIR)/Pods-ARHunter-checkManifestLockResult.txt",
			);
			runOnlyForDeploymentPostprocessing = 0;
			shellPath = /bin/sh;
			shellScript = "diff \"${PODS_PODFILE_DIR_PATH}/Podfile.lock\" \"${PODS_ROOT}/Manifest.lock\" > /dev/null\nif [ $? != 0 ] ; then\n    # print error to STDERR\n    echo \"error: The sandbox is not in sync with the Podfile.lock. Run 'pod install' or update your CocoaPods installation.\" >&2\n    exit 1\nfi\n# This output is used by Xcode 'outputs' to avoid re-running this script phase.\necho \"SUCCESS\" > \"${SCRIPT_OUTPUT_FILE_0}\"\n";
			showEnvVarsInLog = 0;
		};
/* End PBXShellScriptBuildPhase section */

/* Begin PBXSourcesBuildPhase section */
		F6F82F4E216207C400A9CF92 /* Sources */ = {
			isa = PBXSourcesBuildPhase;
			buildActionMask = 2147483647;
			files = (
				F6F82F7C21620E5700A9CF92 /* MapPresenter.swift in Sources */,
				F6F82F74216209A500A9CF92 /* MapKitUtils.swift in Sources */,
				F6F82F69216208B600A9CF92 /* MapViewController.swift in Sources */,
				F6F82F7A21620CCA00A9CF92 /* ARViewController.swift in Sources */,
				F6F82F56216207C400A9CF92 /* AppDelegate.swift in Sources */,
				F6B0E3F92165022800B70093 /* Keys.swift in Sources */,
				F6F82F7E21620E6400A9CF92 /* ARPresenter.swift in Sources */,
			);
			runOnlyForDeploymentPostprocessing = 0;
		};
/* End PBXSourcesBuildPhase section */

/* Begin PBXVariantGroup section */
		F6F82F59216207C400A9CF92 /* Main.storyboard */ = {
			isa = PBXVariantGroup;
			children = (
				F6F82F5A216207C400A9CF92 /* Base */,
			);
			name = Main.storyboard;
			sourceTree = "<group>";
		};
		F6F82F5E216207C500A9CF92 /* LaunchScreen.storyboard */ = {
			isa = PBXVariantGroup;
			children = (
				F6F82F5F216207C500A9CF92 /* Base */,
			);
			name = LaunchScreen.storyboard;
			sourceTree = "<group>";
		};
/* End PBXVariantGroup section */

/* Begin XCBuildConfiguration section */
		F6F82F62216207C500A9CF92 /* Debug */ = {
			isa = XCBuildConfiguration;
			buildSettings = {
				ALWAYS_SEARCH_USER_PATHS = NO;
				CLANG_ANALYZER_NONNULL = YES;
				CLANG_ANALYZER_NUMBER_OBJECT_CONVERSION = YES_AGGRESSIVE;
				CLANG_CXX_LANGUAGE_STANDARD = "gnu++14";
				CLANG_CXX_LIBRARY = "libc++";
				CLANG_ENABLE_MODULES = YES;
				CLANG_ENABLE_OBJC_ARC = YES;
				CLANG_ENABLE_OBJC_WEAK = YES;
				CLANG_WARN_BLOCK_CAPTURE_AUTORELEASING = YES;
				CLANG_WARN_BOOL_CONVERSION = YES;
				CLANG_WARN_COMMA = YES;
				CLANG_WARN_CONSTANT_CONVERSION = YES;
				CLANG_WARN_DEPRECATED_OBJC_IMPLEMENTATIONS = YES;
				CLANG_WARN_DIRECT_OBJC_ISA_USAGE = YES_ERROR;
				CLANG_WARN_DOCUMENTATION_COMMENTS = YES;
				CLANG_WARN_EMPTY_BODY = YES;
				CLANG_WARN_ENUM_CONVERSION = YES;
				CLANG_WARN_INFINITE_RECURSION = YES;
				CLANG_WARN_INT_CONVERSION = YES;
				CLANG_WARN_NON_LITERAL_NULL_CONVERSION = YES;
				CLANG_WARN_OBJC_IMPLICIT_RETAIN_SELF = YES;
				CLANG_WARN_OBJC_LITERAL_CONVERSION = YES;
				CLANG_WARN_OBJC_ROOT_CLASS = YES_ERROR;
				CLANG_WARN_RANGE_LOOP_ANALYSIS = YES;
				CLANG_WARN_STRICT_PROTOTYPES = YES;
				CLANG_WARN_SUSPICIOUS_MOVE = YES;
				CLANG_WARN_UNGUARDED_AVAILABILITY = YES_AGGRESSIVE;
				CLANG_WARN_UNREACHABLE_CODE = YES;
				CLANG_WARN__DUPLICATE_METHOD_MATCH = YES;
				CODE_SIGN_IDENTITY = "iPhone Developer";
				COPY_PHASE_STRIP = NO;
				DEBUG_INFORMATION_FORMAT = dwarf;
				ENABLE_STRICT_OBJC_MSGSEND = YES;
				ENABLE_TESTABILITY = YES;
				GCC_C_LANGUAGE_STANDARD = gnu11;
				GCC_DYNAMIC_NO_PIC = NO;
				GCC_NO_COMMON_BLOCKS = YES;
				GCC_OPTIMIZATION_LEVEL = 0;
				GCC_PREPROCESSOR_DEFINITIONS = (
					"DEBUG=1",
					"$(inherited)",
				);
				GCC_WARN_64_TO_32_BIT_CONVERSION = YES;
				GCC_WARN_ABOUT_RETURN_TYPE = YES_ERROR;
				GCC_WARN_UNDECLARED_SELECTOR = YES;
				GCC_WARN_UNINITIALIZED_AUTOS = YES_AGGRESSIVE;
				GCC_WARN_UNUSED_FUNCTION = YES;
				GCC_WARN_UNUSED_VARIABLE = YES;
				IPHONEOS_DEPLOYMENT_TARGET = 12.0;
				MTL_ENABLE_DEBUG_INFO = INCLUDE_SOURCE;
				MTL_FAST_MATH = YES;
				ONLY_ACTIVE_ARCH = YES;
				SDKROOT = iphoneos;
				SWIFT_ACTIVE_COMPILATION_CONDITIONS = DEBUG;
				SWIFT_OPTIMIZATION_LEVEL = "-Onone";
			};
			name = Debug;
		};
		F6F82F63216207C500A9CF92 /* Release */ = {
			isa = XCBuildConfiguration;
			buildSettings = {
				ALWAYS_SEARCH_USER_PATHS = NO;
				CLANG_ANALYZER_NONNULL = YES;
				CLANG_ANALYZER_NUMBER_OBJECT_CONVERSION = YES_AGGRESSIVE;
				CLANG_CXX_LANGUAGE_STANDARD = "gnu++14";
				CLANG_CXX_LIBRARY = "libc++";
				CLANG_ENABLE_MODULES = YES;
				CLANG_ENABLE_OBJC_ARC = YES;
				CLANG_ENABLE_OBJC_WEAK = YES;
				CLANG_WARN_BLOCK_CAPTURE_AUTORELEASING = YES;
				CLANG_WARN_BOOL_CONVERSION = YES;
				CLANG_WARN_COMMA = YES;
				CLANG_WARN_CONSTANT_CONVERSION = YES;
				CLANG_WARN_DEPRECATED_OBJC_IMPLEMENTATIONS = YES;
				CLANG_WARN_DIRECT_OBJC_ISA_USAGE = YES_ERROR;
				CLANG_WARN_DOCUMENTATION_COMMENTS = YES;
				CLANG_WARN_EMPTY_BODY = YES;
				CLANG_WARN_ENUM_CONVERSION = YES;
				CLANG_WARN_INFINITE_RECURSION = YES;
				CLANG_WARN_INT_CONVERSION = YES;
				CLANG_WARN_NON_LITERAL_NULL_CONVERSION = YES;
				CLANG_WARN_OBJC_IMPLICIT_RETAIN_SELF = YES;
				CLANG_WARN_OBJC_LITERAL_CONVERSION = YES;
				CLANG_WARN_OBJC_ROOT_CLASS = YES_ERROR;
				CLANG_WARN_RANGE_LOOP_ANALYSIS = YES;
				CLANG_WARN_STRICT_PROTOTYPES = YES;
				CLANG_WARN_SUSPICIOUS_MOVE = YES;
				CLANG_WARN_UNGUARDED_AVAILABILITY = YES_AGGRESSIVE;
				CLANG_WARN_UNREACHABLE_CODE = YES;
				CLANG_WARN__DUPLICATE_METHOD_MATCH = YES;
				CODE_SIGN_IDENTITY = "iPhone Developer";
				COPY_PHASE_STRIP = NO;
				DEBUG_INFORMATION_FORMAT = "dwarf-with-dsym";
				ENABLE_NS_ASSERTIONS = NO;
				ENABLE_STRICT_OBJC_MSGSEND = YES;
				GCC_C_LANGUAGE_STANDARD = gnu11;
				GCC_NO_COMMON_BLOCKS = YES;
				GCC_WARN_64_TO_32_BIT_CONVERSION = YES;
				GCC_WARN_ABOUT_RETURN_TYPE = YES_ERROR;
				GCC_WARN_UNDECLARED_SELECTOR = YES;
				GCC_WARN_UNINITIALIZED_AUTOS = YES_AGGRESSIVE;
				GCC_WARN_UNUSED_FUNCTION = YES;
				GCC_WARN_UNUSED_VARIABLE = YES;
				IPHONEOS_DEPLOYMENT_TARGET = 12.0;
				MTL_ENABLE_DEBUG_INFO = NO;
				MTL_FAST_MATH = YES;
				SDKROOT = iphoneos;
				SWIFT_COMPILATION_MODE = wholemodule;
				SWIFT_OPTIMIZATION_LEVEL = "-O";
				VALIDATE_PRODUCT = YES;
			};
			name = Release;
		};
		F6F82F65216207C500A9CF92 /* Debug */ = {
			isa = XCBuildConfiguration;
			baseConfigurationReference = 6240ECA82C0CCC0315A80BBB /* Pods-ARHunter.debug.xcconfig */;
			buildSettings = {
				ASSETCATALOG_COMPILER_APPICON_NAME = AppIcon;
				CODE_SIGN_STYLE = Automatic;
				DEVELOPMENT_TEAM = UD98N48YL7;
				INFOPLIST_FILE = ARHunter/Info.plist;
				LD_RUNPATH_SEARCH_PATHS = (
					"$(inherited)",
					"@executable_path/Frameworks",
				);
				PRODUCT_BUNDLE_IDENTIFIER = com.namdv.ARHunter;
				PRODUCT_NAME = "$(TARGET_NAME)";
				SWIFT_VERSION = 4.2;
				TARGETED_DEVICE_FAMILY = "1,2";
			};
			name = Debug;
		};
		F6F82F66216207C500A9CF92 /* Release */ = {
			isa = XCBuildConfiguration;
			baseConfigurationReference = 37A0F80E2AE2C456D37AB34B /* Pods-ARHunter.release.xcconfig */;
			buildSettings = {
				ASSETCATALOG_COMPILER_APPICON_NAME = AppIcon;
				CODE_SIGN_STYLE = Automatic;
				DEVELOPMENT_TEAM = UD98N48YL7;
				INFOPLIST_FILE = ARHunter/Info.plist;
				LD_RUNPATH_SEARCH_PATHS = (
					"$(inherited)",
					"@executable_path/Frameworks",
				);
				PRODUCT_BUNDLE_IDENTIFIER = com.namdv.ARHunter;
				PRODUCT_NAME = "$(TARGET_NAME)";
				SWIFT_VERSION = 4.2;
				TARGETED_DEVICE_FAMILY = "1,2";
			};
			name = Release;
		};
/* End XCBuildConfiguration section */

/* Begin XCConfigurationList section */
		F6F82F4D216207C400A9CF92 /* Build configuration list for PBXProject "ARHunter" */ = {
			isa = XCConfigurationList;
			buildConfigurations = (
				F6F82F62216207C500A9CF92 /* Debug */,
				F6F82F63216207C500A9CF92 /* Release */,
			);
			defaultConfigurationIsVisible = 0;
			defaultConfigurationName = Release;
		};
		F6F82F64216207C500A9CF92 /* Build configuration list for PBXNativeTarget "ARHunter" */ = {
			isa = XCConfigurationList;
			buildConfigurations = (
				F6F82F65216207C500A9CF92 /* Debug */,
				F6F82F66216207C500A9CF92 /* Release */,
			);
			defaultConfigurationIsVisible = 0;
			defaultConfigurationName = Release;
		};
/* End XCConfigurationList section */
	};
	rootObject = F6F82F4A216207C400A9CF92 /* Project object */;
}
